
Microsoft Visual Studio Solution File, Format Version 12.00
# Visual Studio Version 16
VisualStudioVersion = 16.0.30804.86
MinimumVisualStudioVersion = 10.0.40219.1
Project("{FAE04EC0-301F-11D3-BF4B-00C04F79EFBC}") = "ProjectASPFinal", "ProjectASPFinal\ProjectASPFinal.csproj", "{74F878C0-998E-430B-A891-8CC7E6D205B5}"
EndProject
Project("{FAE04EC0-301F-11D3-BF4B-00C04F79EFBC}") = "ProjectASPFinal.Tests", "ProjectASPFinal.Tests\ProjectASPFinal.Tests.csproj", "{68581B25-5B98-46E0-89A6-A9E0663EC3E1}"
EndProject
Global
	GlobalSection(SolutionConfigurationPlatforms) = preSolution
		Debug|Any CPU = Debug|Any CPU
		Release|Any CPU = Release|Any CPU
	EndGlobalSection
	GlobalSection(ProjectConfigurationPlatforms) = postSolution
		{74F878C0-998E-430B-A891-8CC7E6D205B5}.Debug|Any CPU.ActiveCfg = Debug|Any CPU
		{74F878C0-998E-430B-A891-8CC7E6D205B5}.Debug|Any CPU.Build.0 = Debug|Any CPU
		{74F878C0-998E-430B-A891-8CC7E6D205B5}.Release|Any CPU.ActiveCfg = Release|Any CPU
		{74F878C0-998E-430B-A891-8CC7E6D205B5}.Release|Any CPU.Build.0 = Release|Any CPU
		{68581B25-5B98-46E0-89A6-A9E0663EC3E1}.Debug|Any CPU.ActiveCfg = Debug|Any CPU
		{68581B25-5B98-46E0-89A6-A9E0663EC3E1}.Debug|Any CPU.Build.0 = Debug|Any CPU
		{68581B25-5B98-46E0-89A6-A9E0663EC3E1}.Release|Any CPU.ActiveCfg = Release|Any CPU
		{68581B25-5B98-46E0-89A6-A9E0663EC3E1}.Release|Any CPU.Build.0 = Release|Any CPU
	EndGlobalSection
	GlobalSection(SolutionProperties) = preSolution
		HideSolutionNode = FALSE
	EndGlobalSection
	GlobalSection(ExtensibilityGlobals) = postSolution
		SolutionGuid = {A354DBB6-889A-4D8F-A0C6-94F94B902D10}
	EndGlobalSection
EndGlobal
